<?xml version="1.0" encoding="utf-8"?>
<Project ToolsVersion="4.0" xmlns="http://schemas.microsoft.com/developer/msbuild/2003">
  <ItemGroup>
    <Filter Include="Source Files">
      <UniqueIdentifier>{4FC737F1-C7A5-4376-A066-2A32D752A2FF}</UniqueIdentifier>
      <Extensions>cpp;c;cc;cxx;def;odl;idl;hpj;bat;asm;asmx</Extensions>
    </Filter>
    <Filter Include="Header Files">
      <UniqueIdentifier>{93995380-89BD-4b04-88EB-625FBE52EBFB}</UniqueIdentifier>
      <Extensions>h;hpp;hxx;hm;inl;inc;xsd</Extensions>
    </Filter>
    <Filter Include="Resource Files">
      <UniqueIdentifier>{67DA6AB6-F800-4c08-8B7A-83BB121AAD01}</UniqueIdentifier>
      <Extensions>rc;ico;cur;bmp;dlg;rc2;rct;bin;rgs;gif;jpg;jpeg;jpe;resx;tiff;tif;png;wav;mfcribbon-ms</Extensions>
    </Filter>
    <Filter Include="Header Files\Views">
      <UniqueIdentifier>{c644c8df-1f8b-4a62-a373-edf630491fc9}</UniqueIdentifier>
    </Filter>
    <Filter Include="Source Files\Views">
      <UniqueIdentifier>{cc23f016-dd70-4448-a68f-bd740f7e3073}</UniqueIdentifier>
    </Filter>
    <Filter Include="Header Files\Submarines">
      <UniqueIdentifier>{38b6edfc-1ae7-4fa6-a29f-32cfa532e784}</UniqueIdentifier>
    </Filter>
    <Filter Include="Source Files\Submarines">
      <UniqueIdentifier>{ac3c4d01-3fed-4e29-9672-061a31b7b544}</UniqueIdentifier>
    </Filter>
  </ItemGroup>
  <ItemGroup>
    <ClCompile Include="main.cpp">
      <Filter>Source Files</Filter>
    </ClCompile>
    <ClCompile Include="MenuView.cpp">
      <Filter>Source Files\Views</Filter>
    </ClCompile>
    <ClCompile Include="InstructionView.cpp">
      <Filter>Source Files\Views</Filter>
    </ClCompile>
    <ClCompile Include="LoadGameView.cpp">
      <Filter>Source Files\Views</Filter>
    </ClCompile>
    <ClCompile Include="GameView.cpp">
      <Filter>Source Files\Views</Filter>
    </ClCompile>
    <ClCompile Include="EnemySubmarine.cpp">
      <Filter>Source Files\Submarines</Filter>
    </ClCompile>
    <ClCompile Include="ConsoleControl.cpp">
      <Filter>Source Files</Filter>
    </ClCompile>
  </ItemGroup>
  <ItemGroup>
    <ClInclude Include="ConsoleControl.h">
      <Filter>Header Files</Filter>
    </ClInclude>
    <ClInclude Include="View.h">
      <Filter>Header Files\Views</Filter>
    </ClInclude>
    <ClInclude Include="MenuView.h">
      <Filter>Header Files\Views</Filter>
    </ClInclude>
    <ClInclude Include="GameView.h">
      <Filter>Header Files\Views</Filter>
    </ClInclude>
    <ClInclude Include="InstructionView.h">
      <Filter>Header Files\Views</Filter>
    </ClInclude>
    <ClInclude Include="LoadGameView.h">
      <Filter>Header Files\Views</Filter>
    </ClInclude>
    <ClInclude Include="EnemySubmarine.h">
      <Filter>Header Files\Submarines</Filter>
    </ClInclude>
    <ClInclude Include="PlayerSubmarine.h">
      <Filter>Header Files\Submarines</Filter>
    </ClInclude>
    <ClInclude Include="Submarine.h">
      <Filter>Header Files\Submarines</Filter>
    </ClInclude>
  </ItemGroup>
</Project>